// !$*UTF8*$!
{
	archiveVersion = 1;
	classes = {
	};
	objectVersion = 46;
	objects = {

/* Begin PBXBuildFile section */
		520B4D6F1B84F7B1003C87A4 /* CGSize+SwiftKitTests.swift in Sources */ = {isa = PBXBuildFile; fileRef = 520B4D6E1B84F7B1003C87A4 /* CGSize+SwiftKitTests.swift */; };
		521770BE1B7129DF005FD2C9 /* SetMapTests.swift in Sources */ = {isa = PBXBuildFile; fileRef = 521770BC1B7129B6005FD2C9 /* SetMapTests.swift */; };
		52436BE31B79677A00570956 /* AnyOfTests.swift in Sources */ = {isa = PBXBuildFile; fileRef = 52436BE11B79672000570956 /* AnyOfTests.swift */; };
		527665901B2DECF300DBDC11 /* ClosureButton.swift in Sources */ = {isa = PBXBuildFile; fileRef = 5276658F1B2DECF300DBDC11 /* ClosureButton.swift */; };
		527665911B2DECF300DBDC11 /* ClosureButton.swift in Sources */ = {isa = PBXBuildFile; fileRef = 5276658F1B2DECF300DBDC11 /* ClosureButton.swift */; };
		528CE0D41B210E6500AC1220 /* UnboxTests.swift in Sources */ = {isa = PBXBuildFile; fileRef = 528CE0D31B210E6500AC1220 /* UnboxTests.swift */; };
		5294C6731C0B47FD0035BE4F /* NSError+SwiftKit.swift in Sources */ = {isa = PBXBuildFile; fileRef = 5294C6721C0B47FC0035BE4F /* NSError+SwiftKit.swift */; };
		5294C6741C0B48970035BE4F /* NSError+SwiftKit.swift in Sources */ = {isa = PBXBuildFile; fileRef = 5294C6721C0B47FC0035BE4F /* NSError+SwiftKit.swift */; };
		5294C69C1C0CD4C60035BE4F /* Emitter.swift in Sources */ = {isa = PBXBuildFile; fileRef = 5294C69B1C0CD4C60035BE4F /* Emitter.swift */; };
		5294C69F1C0CDDD80035BE4F /* Emitter.swift in Sources */ = {isa = PBXBuildFile; fileRef = 5294C69B1C0CD4C60035BE4F /* Emitter.swift */; };
		5294C6A01C0CDDD80035BE4F /* Emitter.swift in Sources */ = {isa = PBXBuildFile; fileRef = 5294C69B1C0CD4C60035BE4F /* Emitter.swift */; };
		5294C6AE1C0D18A60035BE4F /* NSAttributedString+SwiftKit.swift in Sources */ = {isa = PBXBuildFile; fileRef = 5294C6AD1C0D18A60035BE4F /* NSAttributedString+SwiftKit.swift */; };
		5294C6AF1C0D18A60035BE4F /* NSAttributedString+SwiftKit.swift in Sources */ = {isa = PBXBuildFile; fileRef = 5294C6AD1C0D18A60035BE4F /* NSAttributedString+SwiftKit.swift */; };
		5294C6B01C0D18A60035BE4F /* NSAttributedString+SwiftKit.swift in Sources */ = {isa = PBXBuildFile; fileRef = 5294C6AD1C0D18A60035BE4F /* NSAttributedString+SwiftKit.swift */; };
		5294C6B71C0D1A2F0035BE4F /* Typealiases.swift in Sources */ = {isa = PBXBuildFile; fileRef = 5294C6B51C0D1A2F0035BE4F /* Typealiases.swift */; };
		5294C6BA1C0D1A630035BE4F /* Typealiases.swift in Sources */ = {isa = PBXBuildFile; fileRef = 5294C6B91C0D1A630035BE4F /* Typealiases.swift */; };
		5294C6C81C0F81BD0035BE4F /* Typealiases.swift in Sources */ = {isa = PBXBuildFile; fileRef = 5294C6B91C0D1A630035BE4F /* Typealiases.swift */; };
		529DCE3F1B88F5900009A8A4 /* UIImage+SwiftKit.swift in Sources */ = {isa = PBXBuildFile; fileRef = 529DCE3E1B88F5900009A8A4 /* UIImage+SwiftKit.swift */; };
		52CA89831B6D83D0003DC193 /* CGPoint+SwiftKitTests.swift in Sources */ = {isa = PBXBuildFile; fileRef = 52CA89821B6D83D0003DC193 /* CGPoint+SwiftKitTests.swift */; };
		52CA89881B6D8BF4003DC193 /* Animate.swift in Sources */ = {isa = PBXBuildFile; fileRef = 52CA89871B6D8BF4003DC193 /* Animate.swift */; };
		52D6D8C61BE92DAD002C0205 /* NumberTests.swift in Sources */ = {isa = PBXBuildFile; fileRef = 52D6D8C41BE92DA2002C0205 /* NumberTests.swift */; };
		52D6D9151BEE5C15002C0205 /* AnyOf.swift in Sources */ = {isa = PBXBuildFile; fileRef = 52D6D8FC1BEE5C15002C0205 /* AnyOf.swift */; };
		52D6D9161BEE5C15002C0205 /* AnyOf.swift in Sources */ = {isa = PBXBuildFile; fileRef = 52D6D8FC1BEE5C15002C0205 /* AnyOf.swift */; };
		52D6D9171BEE5C15002C0205 /* AreaNode.swift in Sources */ = {isa = PBXBuildFile; fileRef = 52D6D8FD1BEE5C15002C0205 /* AreaNode.swift */; };
		52D6D9181BEE5C15002C0205 /* AreaNode.swift in Sources */ = {isa = PBXBuildFile; fileRef = 52D6D8FD1BEE5C15002C0205 /* AreaNode.swift */; };
		52D6D9191BEE5C15002C0205 /* Array+SwiftKit.swift in Sources */ = {isa = PBXBuildFile; fileRef = 52D6D8FE1BEE5C15002C0205 /* Array+SwiftKit.swift */; };
		52D6D91A1BEE5C15002C0205 /* Array+SwiftKit.swift in Sources */ = {isa = PBXBuildFile; fileRef = 52D6D8FE1BEE5C15002C0205 /* Array+SwiftKit.swift */; };
		52D6D91B1BEE5C15002C0205 /* ArrayDictionary.swift in Sources */ = {isa = PBXBuildFile; fileRef = 52D6D8FF1BEE5C15002C0205 /* ArrayDictionary.swift */; };
		52D6D91C1BEE5C15002C0205 /* ArrayDictionary.swift in Sources */ = {isa = PBXBuildFile; fileRef = 52D6D8FF1BEE5C15002C0205 /* ArrayDictionary.swift */; };
		52D6D91D1BEE5C15002C0205 /* Axis.swift in Sources */ = {isa = PBXBuildFile; fileRef = 52D6D9001BEE5C15002C0205 /* Axis.swift */; };
		52D6D91E1BEE5C15002C0205 /* Axis.swift in Sources */ = {isa = PBXBuildFile; fileRef = 52D6D9001BEE5C15002C0205 /* Axis.swift */; };
		52D6D91F1BEE5C15002C0205 /* Calculate.swift in Sources */ = {isa = PBXBuildFile; fileRef = 52D6D9011BEE5C15002C0205 /* Calculate.swift */; };
		52D6D9201BEE5C15002C0205 /* Calculate.swift in Sources */ = {isa = PBXBuildFile; fileRef = 52D6D9011BEE5C15002C0205 /* Calculate.swift */; };
		52D6D9211BEE5C15002C0205 /* CGPoint+SwiftKit.swift in Sources */ = {isa = PBXBuildFile; fileRef = 52D6D9021BEE5C15002C0205 /* CGPoint+SwiftKit.swift */; };
		52D6D9221BEE5C15002C0205 /* CGPoint+SwiftKit.swift in Sources */ = {isa = PBXBuildFile; fileRef = 52D6D9021BEE5C15002C0205 /* CGPoint+SwiftKit.swift */; };
		52D6D9231BEE5C15002C0205 /* CGRect+SwiftKit.swift in Sources */ = {isa = PBXBuildFile; fileRef = 52D6D9031BEE5C15002C0205 /* CGRect+SwiftKit.swift */; };
		52D6D9241BEE5C15002C0205 /* CGRect+SwiftKit.swift in Sources */ = {isa = PBXBuildFile; fileRef = 52D6D9031BEE5C15002C0205 /* CGRect+SwiftKit.swift */; };
		52D6D9251BEE5C15002C0205 /* CGSize+SwiftKit.swift in Sources */ = {isa = PBXBuildFile; fileRef = 52D6D9041BEE5C15002C0205 /* CGSize+SwiftKit.swift */; };
		52D6D9261BEE5C15002C0205 /* CGSize+SwiftKit.swift in Sources */ = {isa = PBXBuildFile; fileRef = 52D6D9041BEE5C15002C0205 /* CGSize+SwiftKit.swift */; };
		52D6D9271BEE5C15002C0205 /* Dictionary+SwiftKit.swift in Sources */ = {isa = PBXBuildFile; fileRef = 52D6D9051BEE5C15002C0205 /* Dictionary+SwiftKit.swift */; };
		52D6D9281BEE5C15002C0205 /* Dictionary+SwiftKit.swift in Sources */ = {isa = PBXBuildFile; fileRef = 52D6D9051BEE5C15002C0205 /* Dictionary+SwiftKit.swift */; };
		52D6D9291BEE5C15002C0205 /* Direction.swift in Sources */ = {isa = PBXBuildFile; fileRef = 52D6D9061BEE5C15002C0205 /* Direction.swift */; };
		52D6D92A1BEE5C15002C0205 /* Direction.swift in Sources */ = {isa = PBXBuildFile; fileRef = 52D6D9061BEE5C15002C0205 /* Direction.swift */; };
		52D6D92B1BEE5C15002C0205 /* Dispatch.swift in Sources */ = {isa = PBXBuildFile; fileRef = 52D6D9071BEE5C15002C0205 /* Dispatch.swift */; };
		52D6D92C1BEE5C15002C0205 /* Dispatch.swift in Sources */ = {isa = PBXBuildFile; fileRef = 52D6D9071BEE5C15002C0205 /* Dispatch.swift */; };
		52D6D92D1BEE5C15002C0205 /* EnumIterator.swift in Sources */ = {isa = PBXBuildFile; fileRef = 52D6D9081BEE5C15002C0205 /* EnumIterator.swift */; };
		52D6D92E1BEE5C15002C0205 /* EnumIterator.swift in Sources */ = {isa = PBXBuildFile; fileRef = 52D6D9081BEE5C15002C0205 /* EnumIterator.swift */; };
		52D6D92F1BEE5C15002C0205 /* EnumMap.swift in Sources */ = {isa = PBXBuildFile; fileRef = 52D6D9091BEE5C15002C0205 /* EnumMap.swift */; };
		52D6D9301BEE5C15002C0205 /* EnumMap.swift in Sources */ = {isa = PBXBuildFile; fileRef = 52D6D9091BEE5C15002C0205 /* EnumMap.swift */; };
		52D6D9311BEE5C15002C0205 /* Hashable+Equatable.swift in Sources */ = {isa = PBXBuildFile; fileRef = 52D6D90A1BEE5C15002C0205 /* Hashable+Equatable.swift */; };
		52D6D9321BEE5C15002C0205 /* Hashable+Equatable.swift in Sources */ = {isa = PBXBuildFile; fileRef = 52D6D90A1BEE5C15002C0205 /* Hashable+Equatable.swift */; };
		52D6D9331BEE5C15002C0205 /* Identifier.swift in Sources */ = {isa = PBXBuildFile; fileRef = 52D6D90B1BEE5C15002C0205 /* Identifier.swift */; };
		52D6D9341BEE5C15002C0205 /* Identifier.swift in Sources */ = {isa = PBXBuildFile; fileRef = 52D6D90B1BEE5C15002C0205 /* Identifier.swift */; };
		52D6D9351BEE5C15002C0205 /* Number.swift in Sources */ = {isa = PBXBuildFile; fileRef = 52D6D90C1BEE5C15002C0205 /* Number.swift */; };
		52D6D9361BEE5C15002C0205 /* Number.swift in Sources */ = {isa = PBXBuildFile; fileRef = 52D6D90C1BEE5C15002C0205 /* Number.swift */; };
		52D6D9371BEE5C15002C0205 /* Quantifiable.swift in Sources */ = {isa = PBXBuildFile; fileRef = 52D6D90D1BEE5C15002C0205 /* Quantifiable.swift */; };
		52D6D9381BEE5C15002C0205 /* Quantifiable.swift in Sources */ = {isa = PBXBuildFile; fileRef = 52D6D90D1BEE5C15002C0205 /* Quantifiable.swift */; };
		52D6D9391BEE5C15002C0205 /* RawRepresentable+SwiftKit.swift in Sources */ = {isa = PBXBuildFile; fileRef = 52D6D90E1BEE5C15002C0205 /* RawRepresentable+SwiftKit.swift */; };
		52D6D93A1BEE5C15002C0205 /* RawRepresentable+SwiftKit.swift in Sources */ = {isa = PBXBuildFile; fileRef = 52D6D90E1BEE5C15002C0205 /* RawRepresentable+SwiftKit.swift */; };
		52D6D93B1BEE5C15002C0205 /* Repeat.swift in Sources */ = {isa = PBXBuildFile; fileRef = 52D6D90F1BEE5C15002C0205 /* Repeat.swift */; };
		52D6D93C1BEE5C15002C0205 /* Repeat.swift in Sources */ = {isa = PBXBuildFile; fileRef = 52D6D90F1BEE5C15002C0205 /* Repeat.swift */; };
		52D6D93D1BEE5C15002C0205 /* Serializable.swift in Sources */ = {isa = PBXBuildFile; fileRef = 52D6D9101BEE5C15002C0205 /* Serializable.swift */; };
		52D6D93E1BEE5C15002C0205 /* Serializable.swift in Sources */ = {isa = PBXBuildFile; fileRef = 52D6D9101BEE5C15002C0205 /* Serializable.swift */; };
		52D6D93F1BEE5C15002C0205 /* Serialize.swift in Sources */ = {isa = PBXBuildFile; fileRef = 52D6D9111BEE5C15002C0205 /* Serialize.swift */; };
		52D6D9401BEE5C15002C0205 /* Serialize.swift in Sources */ = {isa = PBXBuildFile; fileRef = 52D6D9111BEE5C15002C0205 /* Serialize.swift */; };
		52D6D9411BEE5C15002C0205 /* SetMap.swift in Sources */ = {isa = PBXBuildFile; fileRef = 52D6D9121BEE5C15002C0205 /* SetMap.swift */; };
		52D6D9421BEE5C15002C0205 /* SetMap.swift in Sources */ = {isa = PBXBuildFile; fileRef = 52D6D9121BEE5C15002C0205 /* SetMap.swift */; };
		52D6D9431BEE5C15002C0205 /* String+SwiftKit.swift in Sources */ = {isa = PBXBuildFile; fileRef = 52D6D9131BEE5C15002C0205 /* String+SwiftKit.swift */; };
		52D6D9441BEE5C15002C0205 /* String+SwiftKit.swift in Sources */ = {isa = PBXBuildFile; fileRef = 52D6D9131BEE5C15002C0205 /* String+SwiftKit.swift */; };
		52D6D9451BEE5C15002C0205 /* Unwrap.swift in Sources */ = {isa = PBXBuildFile; fileRef = 52D6D9141BEE5C15002C0205 /* Unwrap.swift */; };
		52D6D9461BEE5C15002C0205 /* Unwrap.swift in Sources */ = {isa = PBXBuildFile; fileRef = 52D6D9141BEE5C15002C0205 /* Unwrap.swift */; };
		52D6D9481BEE5C2E002C0205 /* Unbox.swift in Sources */ = {isa = PBXBuildFile; fileRef = 52D6D9471BEE5C2E002C0205 /* Unbox.swift */; };
		52D6D9491BEE5C2E002C0205 /* Unbox.swift in Sources */ = {isa = PBXBuildFile; fileRef = 52D6D9471BEE5C2E002C0205 /* Unbox.swift */; };
		52D6D94B1BEE5C91002C0205 /* Flow.swift in Sources */ = {isa = PBXBuildFile; fileRef = 52D6D94A1BEE5C91002C0205 /* Flow.swift */; };
		52D6D94C1BEE5C91002C0205 /* Flow.swift in Sources */ = {isa = PBXBuildFile; fileRef = 52D6D94A1BEE5C91002C0205 /* Flow.swift */; };
		52D6D94E1BEE5CA4002C0205 /* FlowTests.swift in Sources */ = {isa = PBXBuildFile; fileRef = 52D6D94D1BEE5CA4002C0205 /* FlowTests.swift */; };
		52D6D9501BEE60D0002C0205 /* LoopableEnum.swift in Sources */ = {isa = PBXBuildFile; fileRef = 52D6D94F1BEE60D0002C0205 /* LoopableEnum.swift */; };
		52D6D9511BEE60D0002C0205 /* LoopableEnum.swift in Sources */ = {isa = PBXBuildFile; fileRef = 52D6D94F1BEE60D0002C0205 /* LoopableEnum.swift */; };
		52D6D9631BEFCEDC002C0205 /* Position.swift in Sources */ = {isa = PBXBuildFile; fileRef = 52D6D9621BEFCEDC002C0205 /* Position.swift */; };
		52D6D9641BEFCEDC002C0205 /* Position.swift in Sources */ = {isa = PBXBuildFile; fileRef = 52D6D9621BEFCEDC002C0205 /* Position.swift */; };
		52DF8F291B2F812E004CB8C0 /* IdentifierTests.swift in Sources */ = {isa = PBXBuildFile; fileRef = 52DF8F271B2F8117004CB8C0 /* IdentifierTests.swift */; };
		52E0E7DB1BF78C04001E321E /* KeyedCollection.swift in Sources */ = {isa = PBXBuildFile; fileRef = 52E0E7DA1BF78C04001E321E /* KeyedCollection.swift */; };
		52E0E7E41BF7AF87001E321E /* MutableIndexedCollectionType.swift in Sources */ = {isa = PBXBuildFile; fileRef = 52E0E7E31BF7AF87001E321E /* MutableIndexedCollectionType.swift */; };
		52E0E7E61BF7AFBB001E321E /* EmptyInitializable.swift in Sources */ = {isa = PBXBuildFile; fileRef = 52E0E7E51BF7AFBB001E321E /* EmptyInitializable.swift */; };
		52E0E7E71BF7B130001E321E /* EmptyInitializable.swift in Sources */ = {isa = PBXBuildFile; fileRef = 52E0E7E51BF7AFBB001E321E /* EmptyInitializable.swift */; };
		52E0E7E81BF7B130001E321E /* KeyedCollection.swift in Sources */ = {isa = PBXBuildFile; fileRef = 52E0E7DA1BF78C04001E321E /* KeyedCollection.swift */; };
		52E0E7E91BF7B130001E321E /* MutableIndexedCollectionType.swift in Sources */ = {isa = PBXBuildFile; fileRef = 52E0E7E31BF7AF87001E321E /* MutableIndexedCollectionType.swift */; };
		52E0E7EE1BF7B6E6001E321E /* UIImageView+SwiftKit.swift in Sources */ = {isa = PBXBuildFile; fileRef = 52E0E7ED1BF7B6E6001E321E /* UIImageView+SwiftKit.swift */; };
		52E0E7EF1BF7B6E6001E321E /* UIImageView+SwiftKit.swift in Sources */ = {isa = PBXBuildFile; fileRef = 52E0E7ED1BF7B6E6001E321E /* UIImageView+SwiftKit.swift */; };
		52E0E7F11BF7B791001E321E /* Probability.swift in Sources */ = {isa = PBXBuildFile; fileRef = 52E0E7F01BF7B791001E321E /* Probability.swift */; };
		52E0E7F21BF7B791001E321E /* Probability.swift in Sources */ = {isa = PBXBuildFile; fileRef = 52E0E7F01BF7B791001E321E /* Probability.swift */; };
		52E0E7F41BF7B903001E321E /* Unbox+SwiftKit.swift in Sources */ = {isa = PBXBuildFile; fileRef = 52E0E7F31BF7B903001E321E /* Unbox+SwiftKit.swift */; };
		52E0E7F51BF7B904001E321E /* Unbox+SwiftKit.swift in Sources */ = {isa = PBXBuildFile; fileRef = 52E0E7F31BF7B903001E321E /* Unbox+SwiftKit.swift */; };
		52E0E7F71BF7C3DE001E321E /* Randomizable.swift in Sources */ = {isa = PBXBuildFile; fileRef = 52E0E7F61BF7C3DE001E321E /* Randomizable.swift */; };
		52E0E7F81BF7C3DE001E321E /* Randomizable.swift in Sources */ = {isa = PBXBuildFile; fileRef = 52E0E7F61BF7C3DE001E321E /* Randomizable.swift */; };
		52F5154F1C051B6E00AA6895 /* Animate.swift in Sources */ = {isa = PBXBuildFile; fileRef = 52CA89871B6D8BF4003DC193 /* Animate.swift */; };
		52F515501C051B6E00AA6895 /* UIImage+SwiftKit.swift in Sources */ = {isa = PBXBuildFile; fileRef = 529DCE3E1B88F5900009A8A4 /* UIImage+SwiftKit.swift */; };
		52F515511C051B7500AA6895 /* AnyOf.swift in Sources */ = {isa = PBXBuildFile; fileRef = 52D6D8FC1BEE5C15002C0205 /* AnyOf.swift */; };
		52F515521C051B7500AA6895 /* AreaNode.swift in Sources */ = {isa = PBXBuildFile; fileRef = 52D6D8FD1BEE5C15002C0205 /* AreaNode.swift */; };
		52F515531C051B7500AA6895 /* Array+SwiftKit.swift in Sources */ = {isa = PBXBuildFile; fileRef = 52D6D8FE1BEE5C15002C0205 /* Array+SwiftKit.swift */; };
		52F515541C051B7500AA6895 /* ArrayDictionary.swift in Sources */ = {isa = PBXBuildFile; fileRef = 52D6D8FF1BEE5C15002C0205 /* ArrayDictionary.swift */; };
		52F515551C051B7500AA6895 /* Axis.swift in Sources */ = {isa = PBXBuildFile; fileRef = 52D6D9001BEE5C15002C0205 /* Axis.swift */; };
		52F515561C051B7500AA6895 /* Calculate.swift in Sources */ = {isa = PBXBuildFile; fileRef = 52D6D9011BEE5C15002C0205 /* Calculate.swift */; };
		52F515571C051B7500AA6895 /* CGPoint+SwiftKit.swift in Sources */ = {isa = PBXBuildFile; fileRef = 52D6D9021BEE5C15002C0205 /* CGPoint+SwiftKit.swift */; };
		52F515581C051B7500AA6895 /* CGRect+SwiftKit.swift in Sources */ = {isa = PBXBuildFile; fileRef = 52D6D9031BEE5C15002C0205 /* CGRect+SwiftKit.swift */; };
		52F515591C051B7500AA6895 /* CGSize+SwiftKit.swift in Sources */ = {isa = PBXBuildFile; fileRef = 52D6D9041BEE5C15002C0205 /* CGSize+SwiftKit.swift */; };
		52F5155A1C051B7500AA6895 /* Dictionary+SwiftKit.swift in Sources */ = {isa = PBXBuildFile; fileRef = 52D6D9051BEE5C15002C0205 /* Dictionary+SwiftKit.swift */; };
		52F5155B1C051B7500AA6895 /* Direction.swift in Sources */ = {isa = PBXBuildFile; fileRef = 52D6D9061BEE5C15002C0205 /* Direction.swift */; };
		52F5155C1C051B7500AA6895 /* Dispatch.swift in Sources */ = {isa = PBXBuildFile; fileRef = 52D6D9071BEE5C15002C0205 /* Dispatch.swift */; };
		52F5155D1C051B7500AA6895 /* EmptyInitializable.swift in Sources */ = {isa = PBXBuildFile; fileRef = 52E0E7E51BF7AFBB001E321E /* EmptyInitializable.swift */; };
		52F5155E1C051B7500AA6895 /* EnumIterator.swift in Sources */ = {isa = PBXBuildFile; fileRef = 52D6D9081BEE5C15002C0205 /* EnumIterator.swift */; };
		52F5155F1C051B7500AA6895 /* EnumMap.swift in Sources */ = {isa = PBXBuildFile; fileRef = 52D6D9091BEE5C15002C0205 /* EnumMap.swift */; };
		52F515601C051B7500AA6895 /* Flow.swift in Sources */ = {isa = PBXBuildFile; fileRef = 52D6D94A1BEE5C91002C0205 /* Flow.swift */; };
		52F515611C051B7500AA6895 /* Hashable+Equatable.swift in Sources */ = {isa = PBXBuildFile; fileRef = 52D6D90A1BEE5C15002C0205 /* Hashable+Equatable.swift */; };
		52F515621C051B7500AA6895 /* Identifier.swift in Sources */ = {isa = PBXBuildFile; fileRef = 52D6D90B1BEE5C15002C0205 /* Identifier.swift */; };
		52F515631C051B7500AA6895 /* KeyedCollection.swift in Sources */ = {isa = PBXBuildFile; fileRef = 52E0E7DA1BF78C04001E321E /* KeyedCollection.swift */; };
		52F515641C051B7500AA6895 /* LoopableEnum.swift in Sources */ = {isa = PBXBuildFile; fileRef = 52D6D94F1BEE60D0002C0205 /* LoopableEnum.swift */; };
		52F515651C051B7500AA6895 /* Number.swift in Sources */ = {isa = PBXBuildFile; fileRef = 52D6D90C1BEE5C15002C0205 /* Number.swift */; };
		52F515661C051B7500AA6895 /* MutableIndexedCollectionType.swift in Sources */ = {isa = PBXBuildFile; fileRef = 52E0E7E31BF7AF87001E321E /* MutableIndexedCollectionType.swift */; };
		52F515671C051B7500AA6895 /* Position.swift in Sources */ = {isa = PBXBuildFile; fileRef = 52D6D9621BEFCEDC002C0205 /* Position.swift */; };
		52F515681C051B7500AA6895 /* Probability.swift in Sources */ = {isa = PBXBuildFile; fileRef = 52E0E7F01BF7B791001E321E /* Probability.swift */; };
		52F515691C051B7500AA6895 /* Quantifiable.swift in Sources */ = {isa = PBXBuildFile; fileRef = 52D6D90D1BEE5C15002C0205 /* Quantifiable.swift */; };
		52F5156A1C051B7500AA6895 /* Randomizable.swift in Sources */ = {isa = PBXBuildFile; fileRef = 52E0E7F61BF7C3DE001E321E /* Randomizable.swift */; };
		52F5156B1C051B7500AA6895 /* RawRepresentable+SwiftKit.swift in Sources */ = {isa = PBXBuildFile; fileRef = 52D6D90E1BEE5C15002C0205 /* RawRepresentable+SwiftKit.swift */; };
		52F5156C1C051B7500AA6895 /* Repeat.swift in Sources */ = {isa = PBXBuildFile; fileRef = 52D6D90F1BEE5C15002C0205 /* Repeat.swift */; };
		52F5156D1C051B7500AA6895 /* Serializable.swift in Sources */ = {isa = PBXBuildFile; fileRef = 52D6D9101BEE5C15002C0205 /* Serializable.swift */; };
		52F5156E1C051B7500AA6895 /* Serialize.swift in Sources */ = {isa = PBXBuildFile; fileRef = 52D6D9111BEE5C15002C0205 /* Serialize.swift */; };
		52F5156F1C051B7500AA6895 /* SetMap.swift in Sources */ = {isa = PBXBuildFile; fileRef = 52D6D9121BEE5C15002C0205 /* SetMap.swift */; };
		52F515701C051B7500AA6895 /* String+SwiftKit.swift in Sources */ = {isa = PBXBuildFile; fileRef = 52D6D9131BEE5C15002C0205 /* String+SwiftKit.swift */; };
		52F515711C051B7500AA6895 /* Unbox.swift in Sources */ = {isa = PBXBuildFile; fileRef = 52D6D9471BEE5C2E002C0205 /* Unbox.swift */; };
		52F515721C051B7500AA6895 /* Unbox+SwiftKit.swift in Sources */ = {isa = PBXBuildFile; fileRef = 52E0E7F31BF7B903001E321E /* Unbox+SwiftKit.swift */; };
		52F515731C051B7500AA6895 /* Unwrap.swift in Sources */ = {isa = PBXBuildFile; fileRef = 52D6D9141BEE5C15002C0205 /* Unwrap.swift */; };
		52F515881C0523AB00AA6895 /* NSView+SwiftKit.swift in Sources */ = {isa = PBXBuildFile; fileRef = 52F515871C0523AB00AA6895 /* NSView+SwiftKit.swift */; };
		52F5158E1C0637E600AA6895 /* LocalizedString.swift in Sources */ = {isa = PBXBuildFile; fileRef = 52F5158D1C0637E600AA6895 /* LocalizedString.swift */; };
		52F515901C063DA000AA6895 /* Shape.swift in Sources */ = {isa = PBXBuildFile; fileRef = 52F5158F1C063DA000AA6895 /* Shape.swift */; };
		52F515921C063EF300AA6895 /* Shape+NSImage.swift in Sources */ = {isa = PBXBuildFile; fileRef = 52F515911C063EF300AA6895 /* Shape+NSImage.swift */; };
		52F515941C0641B200AA6895 /* CGContext+SwiftKit.swift in Sources */ = {isa = PBXBuildFile; fileRef = 52F515931C0641B200AA6895 /* CGContext+SwiftKit.swift */; };
		52FDA7341B0E916700C9C808 /* SwiftKit.framework in Frameworks */ = {isa = PBXBuildFile; fileRef = 52FDA7281B0E916700C9C808 /* SwiftKit.framework */; };
/* End PBXBuildFile section */

/* Begin PBXContainerItemProxy section */
		52FDA7351B0E916700C9C808 /* PBXContainerItemProxy */ = {
			isa = PBXContainerItemProxy;
			containerPortal = 52FDA71F1B0E916700C9C808 /* Project object */;
			proxyType = 1;
			remoteGlobalIDString = 52FDA7271B0E916700C9C808;
			remoteInfo = SwiftKit;
		};
/* End PBXContainerItemProxy section */

/* Begin PBXFileReference section */
		520B4D6E1B84F7B1003C87A4 /* CGSize+SwiftKitTests.swift */ = {isa = PBXFileReference; fileEncoding = 4; lastKnownFileType = sourcecode.swift; path = "CGSize+SwiftKitTests.swift"; sourceTree = "<group>"; };
		521770BC1B7129B6005FD2C9 /* SetMapTests.swift */ = {isa = PBXFileReference; fileEncoding = 4; lastKnownFileType = sourcecode.swift; path = SetMapTests.swift; sourceTree = "<group>"; };
		52436BE11B79672000570956 /* AnyOfTests.swift */ = {isa = PBXFileReference; fileEncoding = 4; lastKnownFileType = sourcecode.swift; path = AnyOfTests.swift; sourceTree = "<group>"; };
		5276658F1B2DECF300DBDC11 /* ClosureButton.swift */ = {isa = PBXFileReference; fileEncoding = 4; lastKnownFileType = sourcecode.swift; path = ClosureButton.swift; sourceTree = "<group>"; };
		528CE0D31B210E6500AC1220 /* UnboxTests.swift */ = {isa = PBXFileReference; fileEncoding = 4; lastKnownFileType = sourcecode.swift; name = UnboxTests.swift; path = Unbox/UnboxTests.swift; sourceTree = SOURCE_ROOT; };
		5294C6721C0B47FC0035BE4F /* NSError+SwiftKit.swift */ = {isa = PBXFileReference; fileEncoding = 4; lastKnownFileType = sourcecode.swift; path = "NSError+SwiftKit.swift"; sourceTree = "<group>"; };
		5294C69B1C0CD4C60035BE4F /* Emitter.swift */ = {isa = PBXFileReference; fileEncoding = 4; lastKnownFileType = sourcecode.swift; path = Emitter.swift; sourceTree = "<group>"; };
		5294C6AD1C0D18A60035BE4F /* NSAttributedString+SwiftKit.swift */ = {isa = PBXFileReference; fileEncoding = 4; lastKnownFileType = sourcecode.swift; path = "NSAttributedString+SwiftKit.swift"; sourceTree = "<group>"; };
		5294C6B51C0D1A2F0035BE4F /* Typealiases.swift */ = {isa = PBXFileReference; fileEncoding = 4; lastKnownFileType = sourcecode.swift; path = Typealiases.swift; sourceTree = "<group>"; };
		5294C6B91C0D1A630035BE4F /* Typealiases.swift */ = {isa = PBXFileReference; fileEncoding = 4; lastKnownFileType = sourcecode.swift; path = Typealiases.swift; sourceTree = "<group>"; };
		529DCE3E1B88F5900009A8A4 /* UIImage+SwiftKit.swift */ = {isa = PBXFileReference; fileEncoding = 4; lastKnownFileType = sourcecode.swift; path = "UIImage+SwiftKit.swift"; sourceTree = "<group>"; };
		52CA89821B6D83D0003DC193 /* CGPoint+SwiftKitTests.swift */ = {isa = PBXFileReference; fileEncoding = 4; lastKnownFileType = sourcecode.swift; path = "CGPoint+SwiftKitTests.swift"; sourceTree = "<group>"; };
		52CA89871B6D8BF4003DC193 /* Animate.swift */ = {isa = PBXFileReference; fileEncoding = 4; lastKnownFileType = sourcecode.swift; path = Animate.swift; sourceTree = "<group>"; };
		52D6D8C41BE92DA2002C0205 /* NumberTests.swift */ = {isa = PBXFileReference; fileEncoding = 4; lastKnownFileType = sourcecode.swift; path = NumberTests.swift; sourceTree = "<group>"; };
		52D6D8FC1BEE5C15002C0205 /* AnyOf.swift */ = {isa = PBXFileReference; fileEncoding = 4; lastKnownFileType = sourcecode.swift; path = AnyOf.swift; sourceTree = "<group>"; };
		52D6D8FD1BEE5C15002C0205 /* AreaNode.swift */ = {isa = PBXFileReference; fileEncoding = 4; lastKnownFileType = sourcecode.swift; path = AreaNode.swift; sourceTree = "<group>"; };
		52D6D8FE1BEE5C15002C0205 /* Array+SwiftKit.swift */ = {isa = PBXFileReference; fileEncoding = 4; lastKnownFileType = sourcecode.swift; path = "Array+SwiftKit.swift"; sourceTree = "<group>"; };
		52D6D8FF1BEE5C15002C0205 /* ArrayDictionary.swift */ = {isa = PBXFileReference; fileEncoding = 4; lastKnownFileType = sourcecode.swift; path = ArrayDictionary.swift; sourceTree = "<group>"; };
		52D6D9001BEE5C15002C0205 /* Axis.swift */ = {isa = PBXFileReference; fileEncoding = 4; lastKnownFileType = sourcecode.swift; path = Axis.swift; sourceTree = "<group>"; };
		52D6D9011BEE5C15002C0205 /* Calculate.swift */ = {isa = PBXFileReference; fileEncoding = 4; lastKnownFileType = sourcecode.swift; path = Calculate.swift; sourceTree = "<group>"; };
		52D6D9021BEE5C15002C0205 /* CGPoint+SwiftKit.swift */ = {isa = PBXFileReference; fileEncoding = 4; lastKnownFileType = sourcecode.swift; path = "CGPoint+SwiftKit.swift"; sourceTree = "<group>"; };
		52D6D9031BEE5C15002C0205 /* CGRect+SwiftKit.swift */ = {isa = PBXFileReference; fileEncoding = 4; lastKnownFileType = sourcecode.swift; path = "CGRect+SwiftKit.swift"; sourceTree = "<group>"; };
		52D6D9041BEE5C15002C0205 /* CGSize+SwiftKit.swift */ = {isa = PBXFileReference; fileEncoding = 4; lastKnownFileType = sourcecode.swift; path = "CGSize+SwiftKit.swift"; sourceTree = "<group>"; };
		52D6D9051BEE5C15002C0205 /* Dictionary+SwiftKit.swift */ = {isa = PBXFileReference; fileEncoding = 4; lastKnownFileType = sourcecode.swift; path = "Dictionary+SwiftKit.swift"; sourceTree = "<group>"; };
		52D6D9061BEE5C15002C0205 /* Direction.swift */ = {isa = PBXFileReference; fileEncoding = 4; lastKnownFileType = sourcecode.swift; path = Direction.swift; sourceTree = "<group>"; };
		52D6D9071BEE5C15002C0205 /* Dispatch.swift */ = {isa = PBXFileReference; fileEncoding = 4; lastKnownFileType = sourcecode.swift; path = Dispatch.swift; sourceTree = "<group>"; };
		52D6D9081BEE5C15002C0205 /* EnumIterator.swift */ = {isa = PBXFileReference; fileEncoding = 4; lastKnownFileType = sourcecode.swift; path = EnumIterator.swift; sourceTree = "<group>"; };
		52D6D9091BEE5C15002C0205 /* EnumMap.swift */ = {isa = PBXFileReference; fileEncoding = 4; lastKnownFileType = sourcecode.swift; path = EnumMap.swift; sourceTree = "<group>"; };
		52D6D90A1BEE5C15002C0205 /* Hashable+Equatable.swift */ = {isa = PBXFileReference; fileEncoding = 4; lastKnownFileType = sourcecode.swift; path = "Hashable+Equatable.swift"; sourceTree = "<group>"; };
		52D6D90B1BEE5C15002C0205 /* Identifier.swift */ = {isa = PBXFileReference; fileEncoding = 4; lastKnownFileType = sourcecode.swift; path = Identifier.swift; sourceTree = "<group>"; };
		52D6D90C1BEE5C15002C0205 /* Number.swift */ = {isa = PBXFileReference; fileEncoding = 4; lastKnownFileType = sourcecode.swift; path = Number.swift; sourceTree = "<group>"; };
		52D6D90D1BEE5C15002C0205 /* Quantifiable.swift */ = {isa = PBXFileReference; fileEncoding = 4; lastKnownFileType = sourcecode.swift; path = Quantifiable.swift; sourceTree = "<group>"; };
		52D6D90E1BEE5C15002C0205 /* RawRepresentable+SwiftKit.swift */ = {isa = PBXFileReference; fileEncoding = 4; lastKnownFileType = sourcecode.swift; path = "RawRepresentable+SwiftKit.swift"; sourceTree = "<group>"; };
		52D6D90F1BEE5C15002C0205 /* Repeat.swift */ = {isa = PBXFileReference; fileEncoding = 4; lastKnownFileType = sourcecode.swift; path = Repeat.swift; sourceTree = "<group>"; };
		52D6D9101BEE5C15002C0205 /* Serializable.swift */ = {isa = PBXFileReference; fileEncoding = 4; lastKnownFileType = sourcecode.swift; path = Serializable.swift; sourceTree = "<group>"; };
		52D6D9111BEE5C15002C0205 /* Serialize.swift */ = {isa = PBXFileReference; fileEncoding = 4; lastKnownFileType = sourcecode.swift; path = Serialize.swift; sourceTree = "<group>"; };
		52D6D9121BEE5C15002C0205 /* SetMap.swift */ = {isa = PBXFileReference; fileEncoding = 4; lastKnownFileType = sourcecode.swift; path = SetMap.swift; sourceTree = "<group>"; };
		52D6D9131BEE5C15002C0205 /* String+SwiftKit.swift */ = {isa = PBXFileReference; fileEncoding = 4; lastKnownFileType = sourcecode.swift; path = "String+SwiftKit.swift"; sourceTree = "<group>"; };
		52D6D9141BEE5C15002C0205 /* Unwrap.swift */ = {isa = PBXFileReference; fileEncoding = 4; lastKnownFileType = sourcecode.swift; path = Unwrap.swift; sourceTree = "<group>"; };
		52D6D9471BEE5C2E002C0205 /* Unbox.swift */ = {isa = PBXFileReference; fileEncoding = 4; lastKnownFileType = sourcecode.swift; name = Unbox.swift; path = Unbox/Unbox.swift; sourceTree = SOURCE_ROOT; };
		52D6D94A1BEE5C91002C0205 /* Flow.swift */ = {isa = PBXFileReference; fileEncoding = 4; lastKnownFileType = sourcecode.swift; name = Flow.swift; path = Flow/Flow.swift; sourceTree = SOURCE_ROOT; };
		52D6D94D1BEE5CA4002C0205 /* FlowTests.swift */ = {isa = PBXFileReference; fileEncoding = 4; lastKnownFileType = sourcecode.swift; name = FlowTests.swift; path = Flow/FlowTests.swift; sourceTree = SOURCE_ROOT; };
		52D6D94F1BEE60D0002C0205 /* LoopableEnum.swift */ = {isa = PBXFileReference; fileEncoding = 4; lastKnownFileType = sourcecode.swift; path = LoopableEnum.swift; sourceTree = "<group>"; };
		52D6D9621BEFCEDC002C0205 /* Position.swift */ = {isa = PBXFileReference; fileEncoding = 4; lastKnownFileType = sourcecode.swift; path = Position.swift; sourceTree = "<group>"; };
		52DF8F271B2F8117004CB8C0 /* IdentifierTests.swift */ = {isa = PBXFileReference; fileEncoding = 4; lastKnownFileType = sourcecode.swift; path = IdentifierTests.swift; sourceTree = "<group>"; };
		52E0E7DA1BF78C04001E321E /* KeyedCollection.swift */ = {isa = PBXFileReference; fileEncoding = 4; lastKnownFileType = sourcecode.swift; path = KeyedCollection.swift; sourceTree = "<group>"; };
		52E0E7E31BF7AF87001E321E /* MutableIndexedCollectionType.swift */ = {isa = PBXFileReference; fileEncoding = 4; lastKnownFileType = sourcecode.swift; path = MutableIndexedCollectionType.swift; sourceTree = "<group>"; };
		52E0E7E51BF7AFBB001E321E /* EmptyInitializable.swift */ = {isa = PBXFileReference; fileEncoding = 4; lastKnownFileType = sourcecode.swift; path = EmptyInitializable.swift; sourceTree = "<group>"; };
		52E0E7ED1BF7B6E6001E321E /* UIImageView+SwiftKit.swift */ = {isa = PBXFileReference; fileEncoding = 4; lastKnownFileType = sourcecode.swift; path = "UIImageView+SwiftKit.swift"; sourceTree = "<group>"; };
		52E0E7F01BF7B791001E321E /* Probability.swift */ = {isa = PBXFileReference; fileEncoding = 4; lastKnownFileType = sourcecode.swift; path = Probability.swift; sourceTree = "<group>"; };
		52E0E7F31BF7B903001E321E /* Unbox+SwiftKit.swift */ = {isa = PBXFileReference; fileEncoding = 4; lastKnownFileType = sourcecode.swift; path = "Unbox+SwiftKit.swift"; sourceTree = "<group>"; };
		52E0E7F61BF7C3DE001E321E /* Randomizable.swift */ = {isa = PBXFileReference; fileEncoding = 4; lastKnownFileType = sourcecode.swift; path = Randomizable.swift; sourceTree = "<group>"; };
		52F515421C051A4A00AA6895 /* SwiftKit.framework */ = {isa = PBXFileReference; explicitFileType = wrapper.framework; includeInIndex = 0; path = SwiftKit.framework; sourceTree = BUILT_PRODUCTS_DIR; };
		52F5154C1C051B0100AA6895 /* iOS.plist */ = {isa = PBXFileReference; lastKnownFileType = text.plist.xml; path = iOS.plist; sourceTree = "<group>"; };
		52F5154D1C051B0100AA6895 /* OSX.plist */ = {isa = PBXFileReference; lastKnownFileType = text.plist.xml; path = OSX.plist; sourceTree = "<group>"; };
		52F5154E1C051B0100AA6895 /* Tests.plist */ = {isa = PBXFileReference; lastKnownFileType = text.plist.xml; path = Tests.plist; sourceTree = "<group>"; };
		52F515871C0523AB00AA6895 /* NSView+SwiftKit.swift */ = {isa = PBXFileReference; fileEncoding = 4; lastKnownFileType = sourcecode.swift; path = "NSView+SwiftKit.swift"; sourceTree = "<group>"; };
		52F5158D1C0637E600AA6895 /* LocalizedString.swift */ = {isa = PBXFileReference; fileEncoding = 4; lastKnownFileType = sourcecode.swift; path = LocalizedString.swift; sourceTree = "<group>"; };
		52F5158F1C063DA000AA6895 /* Shape.swift */ = {isa = PBXFileReference; fileEncoding = 4; lastKnownFileType = sourcecode.swift; path = Shape.swift; sourceTree = "<group>"; };
		52F515911C063EF300AA6895 /* Shape+NSImage.swift */ = {isa = PBXFileReference; fileEncoding = 4; lastKnownFileType = sourcecode.swift; path = "Shape+NSImage.swift"; sourceTree = "<group>"; };
		52F515931C0641B200AA6895 /* CGContext+SwiftKit.swift */ = {isa = PBXFileReference; fileEncoding = 4; lastKnownFileType = sourcecode.swift; path = "CGContext+SwiftKit.swift"; sourceTree = "<group>"; };
		52FDA7281B0E916700C9C808 /* SwiftKit.framework */ = {isa = PBXFileReference; explicitFileType = wrapper.framework; includeInIndex = 0; path = SwiftKit.framework; sourceTree = BUILT_PRODUCTS_DIR; };
		52FDA7331B0E916700C9C808 /* SwiftKitTests.xctest */ = {isa = PBXFileReference; explicitFileType = wrapper.cfbundle; includeInIndex = 0; path = SwiftKitTests.xctest; sourceTree = BUILT_PRODUCTS_DIR; };
/* End PBXFileReference section */

/* Begin PBXFrameworksBuildPhase section */
		52F5153E1C051A4A00AA6895 /* Frameworks */ = {
			isa = PBXFrameworksBuildPhase;
			buildActionMask = 2147483647;
			files = (
			);
			runOnlyForDeploymentPostprocessing = 0;
		};
		52FDA7241B0E916700C9C808 /* Frameworks */ = {
			isa = PBXFrameworksBuildPhase;
			buildActionMask = 2147483647;
			files = (
			);
			runOnlyForDeploymentPostprocessing = 0;
		};
		52FDA7301B0E916700C9C808 /* Frameworks */ = {
			isa = PBXFrameworksBuildPhase;
			buildActionMask = 2147483647;
			files = (
				52FDA7341B0E916700C9C808 /* SwiftKit.framework in Frameworks */,
			);
			runOnlyForDeploymentPostprocessing = 0;
		};
/* End PBXFrameworksBuildPhase section */

/* Begin PBXGroup section */
		5276658E1B2DECEC00DBDC11 /* iOS */ = {
			isa = PBXGroup;
			children = (
				52CA89871B6D8BF4003DC193 /* Animate.swift */,
				5276658F1B2DECF300DBDC11 /* ClosureButton.swift */,
				5294C6B91C0D1A630035BE4F /* Typealiases.swift */,
				529DCE3E1B88F5900009A8A4 /* UIImage+SwiftKit.swift */,
				52E0E7ED1BF7B6E6001E321E /* UIImageView+SwiftKit.swift */,
			);
			path = iOS;
			sourceTree = "<group>";
		};
		52D6D8FB1BEE5C15002C0205 /* Shared */ = {
			isa = PBXGroup;
			children = (
				52D6D8FC1BEE5C15002C0205 /* AnyOf.swift */,
				52D6D8FD1BEE5C15002C0205 /* AreaNode.swift */,
				52D6D8FE1BEE5C15002C0205 /* Array+SwiftKit.swift */,
				52D6D8FF1BEE5C15002C0205 /* ArrayDictionary.swift */,
				52D6D9001BEE5C15002C0205 /* Axis.swift */,
				52D6D9011BEE5C15002C0205 /* Calculate.swift */,
				52F515931C0641B200AA6895 /* CGContext+SwiftKit.swift */,
				52D6D9021BEE5C15002C0205 /* CGPoint+SwiftKit.swift */,
				52D6D9031BEE5C15002C0205 /* CGRect+SwiftKit.swift */,
				52D6D9041BEE5C15002C0205 /* CGSize+SwiftKit.swift */,
				52D6D9051BEE5C15002C0205 /* Dictionary+SwiftKit.swift */,
				52D6D9061BEE5C15002C0205 /* Direction.swift */,
				52D6D9071BEE5C15002C0205 /* Dispatch.swift */,
				5294C69B1C0CD4C60035BE4F /* Emitter.swift */,
				52E0E7E51BF7AFBB001E321E /* EmptyInitializable.swift */,
				52D6D9081BEE5C15002C0205 /* EnumIterator.swift */,
				52D6D9091BEE5C15002C0205 /* EnumMap.swift */,
				52D6D94A1BEE5C91002C0205 /* Flow.swift */,
				52D6D90A1BEE5C15002C0205 /* Hashable+Equatable.swift */,
				52D6D90B1BEE5C15002C0205 /* Identifier.swift */,
				52E0E7DA1BF78C04001E321E /* KeyedCollection.swift */,
				52F5158D1C0637E600AA6895 /* LocalizedString.swift */,
				52D6D94F1BEE60D0002C0205 /* LoopableEnum.swift */,
				5294C6AD1C0D18A60035BE4F /* NSAttributedString+SwiftKit.swift */,
				5294C6721C0B47FC0035BE4F /* NSError+SwiftKit.swift */,
				52D6D90C1BEE5C15002C0205 /* Number.swift */,
				52E0E7E31BF7AF87001E321E /* MutableIndexedCollectionType.swift */,
				52D6D9621BEFCEDC002C0205 /* Position.swift */,
				52E0E7F01BF7B791001E321E /* Probability.swift */,
				52D6D90D1BEE5C15002C0205 /* Quantifiable.swift */,
				52E0E7F61BF7C3DE001E321E /* Randomizable.swift */,
				52D6D90E1BEE5C15002C0205 /* RawRepresentable+SwiftKit.swift */,
				52D6D90F1BEE5C15002C0205 /* Repeat.swift */,
				52D6D9101BEE5C15002C0205 /* Serializable.swift */,
				52D6D9111BEE5C15002C0205 /* Serialize.swift */,
				52D6D9121BEE5C15002C0205 /* SetMap.swift */,
				52F5158F1C063DA000AA6895 /* Shape.swift */,
				52D6D9131BEE5C15002C0205 /* String+SwiftKit.swift */,
				52D6D9471BEE5C2E002C0205 /* Unbox.swift */,
				52E0E7F31BF7B903001E321E /* Unbox+SwiftKit.swift */,
				52D6D9141BEE5C15002C0205 /* Unwrap.swift */,
			);
			path = Shared;
			sourceTree = "<group>";
		};
		52F5154B1C051B0100AA6895 /* Configs */ = {
			isa = PBXGroup;
			children = (
				52F5154C1C051B0100AA6895 /* iOS.plist */,
				52F5154D1C051B0100AA6895 /* OSX.plist */,
				52F5154E1C051B0100AA6895 /* Tests.plist */,
			);
			path = Configs;
			sourceTree = SOURCE_ROOT;
		};
		52F515841C0521FC00AA6895 /* OSX */ = {
			isa = PBXGroup;
			children = (
				52F515871C0523AB00AA6895 /* NSView+SwiftKit.swift */,
				52F515911C063EF300AA6895 /* Shape+NSImage.swift */,
				5294C6B51C0D1A2F0035BE4F /* Typealiases.swift */,
			);
			path = OSX;
			sourceTree = "<group>";
		};
		52FDA71E1B0E916700C9C808 = {
			isa = PBXGroup;
			children = (
				52FDA74F1B0E945300C9C808 /* Source */,
				52FDA7521B0E946B00C9C808 /* Tests */,
				52F5154B1C051B0100AA6895 /* Configs */,
				52FDA7291B0E916700C9C808 /* Products */,
			);
			sourceTree = "<group>";
		};
		52FDA7291B0E916700C9C808 /* Products */ = {
			isa = PBXGroup;
			children = (
				52FDA7281B0E916700C9C808 /* SwiftKit.framework */,
				52FDA7331B0E916700C9C808 /* SwiftKitTests.xctest */,
				52F515421C051A4A00AA6895 /* SwiftKit.framework */,
			);
			name = Products;
			sourceTree = "<group>";
		};
		52FDA74F1B0E945300C9C808 /* Source */ = {
			isa = PBXGroup;
			children = (
				52D6D8FB1BEE5C15002C0205 /* Shared */,
				52F515841C0521FC00AA6895 /* OSX */,
				5276658E1B2DECEC00DBDC11 /* iOS */,
			);
			path = Source;
			sourceTree = "<group>";
		};
		52FDA7521B0E946B00C9C808 /* Tests */ = {
			isa = PBXGroup;
			children = (
				52D6D94D1BEE5CA4002C0205 /* FlowTests.swift */,
				52DF8F271B2F8117004CB8C0 /* IdentifierTests.swift */,
				528CE0D31B210E6500AC1220 /* UnboxTests.swift */,
				52CA89821B6D83D0003DC193 /* CGPoint+SwiftKitTests.swift */,
				520B4D6E1B84F7B1003C87A4 /* CGSize+SwiftKitTests.swift */,
				521770BC1B7129B6005FD2C9 /* SetMapTests.swift */,
				52436BE11B79672000570956 /* AnyOfTests.swift */,
				52D6D8C41BE92DA2002C0205 /* NumberTests.swift */,
			);
			path = Tests;
			sourceTree = "<group>";
		};
/* End PBXGroup section */

/* Begin PBXHeadersBuildPhase section */
		52F5153F1C051A4A00AA6895 /* Headers */ = {
			isa = PBXHeadersBuildPhase;
			buildActionMask = 2147483647;
			files = (
			);
			runOnlyForDeploymentPostprocessing = 0;
		};
		52FDA7251B0E916700C9C808 /* Headers */ = {
			isa = PBXHeadersBuildPhase;
			buildActionMask = 2147483647;
			files = (
			);
			runOnlyForDeploymentPostprocessing = 0;
		};
/* End PBXHeadersBuildPhase section */

/* Begin PBXNativeTarget section */
		52F515411C051A4A00AA6895 /* SwiftKit-OSX */ = {
			isa = PBXNativeTarget;
			buildConfigurationList = 52F515491C051A4A00AA6895 /* Build configuration list for PBXNativeTarget "SwiftKit-OSX" */;
			buildPhases = (
				52F5153D1C051A4A00AA6895 /* Sources */,
				52F5153E1C051A4A00AA6895 /* Frameworks */,
				52F5153F1C051A4A00AA6895 /* Headers */,
				52F515401C051A4A00AA6895 /* Resources */,
			);
			buildRules = (
			);
			dependencies = (
			);
			name = "SwiftKit-OSX";
			productName = "SwiftKit-OSX";
			productReference = 52F515421C051A4A00AA6895 /* SwiftKit.framework */;
			productType = "com.apple.product-type.framework";
		};
		52FDA7271B0E916700C9C808 /* SwiftKit-iOS */ = {
			isa = PBXNativeTarget;
			buildConfigurationList = 52FDA73E1B0E916700C9C808 /* Build configuration list for PBXNativeTarget "SwiftKit-iOS" */;
			buildPhases = (
				52FDA7231B0E916700C9C808 /* Sources */,
				52FDA7241B0E916700C9C808 /* Frameworks */,
				52FDA7251B0E916700C9C808 /* Headers */,
				52FDA7261B0E916700C9C808 /* Resources */,
			);
			buildRules = (
			);
			dependencies = (
			);
			name = "SwiftKit-iOS";
			productName = SwiftKit;
			productReference = 52FDA7281B0E916700C9C808 /* SwiftKit.framework */;
			productType = "com.apple.product-type.framework";
		};
		52FDA7321B0E916700C9C808 /* SwiftKitTests */ = {
			isa = PBXNativeTarget;
			buildConfigurationList = 52FDA7411B0E916700C9C808 /* Build configuration list for PBXNativeTarget "SwiftKitTests" */;
			buildPhases = (
				52FDA72F1B0E916700C9C808 /* Sources */,
				52FDA7301B0E916700C9C808 /* Frameworks */,
				52FDA7311B0E916700C9C808 /* Resources */,
			);
			buildRules = (
			);
			dependencies = (
				52FDA7361B0E916700C9C808 /* PBXTargetDependency */,
			);
			name = SwiftKitTests;
			productName = SwiftKitTests;
			productReference = 52FDA7331B0E916700C9C808 /* SwiftKitTests.xctest */;
			productType = "com.apple.product-type.bundle.unit-test";
		};
/* End PBXNativeTarget section */

/* Begin PBXProject section */
		52FDA71F1B0E916700C9C808 /* Project object */ = {
			isa = PBXProject;
			attributes = {
				LastSwiftUpdateCheck = 0700;
				LastUpgradeCheck = 0700;
				ORGANIZATIONNAME = "John Sundell";
				TargetAttributes = {
					52F515411C051A4A00AA6895 = {
						CreatedOnToolsVersion = 7.1;
					};
					52FDA7271B0E916700C9C808 = {
						CreatedOnToolsVersion = 6.3.1;
					};
					52FDA7321B0E916700C9C808 = {
						CreatedOnToolsVersion = 6.3.1;
					};
				};
			};
			buildConfigurationList = 52FDA7221B0E916700C9C808 /* Build configuration list for PBXProject "SwiftKit" */;
			compatibilityVersion = "Xcode 3.2";
			developmentRegion = English;
			hasScannedForEncodings = 0;
			knownRegions = (
				en,
			);
			mainGroup = 52FDA71E1B0E916700C9C808;
			productRefGroup = 52FDA7291B0E916700C9C808 /* Products */;
			projectDirPath = "";
			projectRoot = "";
			targets = (
				52FDA7271B0E916700C9C808 /* SwiftKit-iOS */,
				52F515411C051A4A00AA6895 /* SwiftKit-OSX */,
				52FDA7321B0E916700C9C808 /* SwiftKitTests */,
			);
		};
/* End PBXProject section */

/* Begin PBXResourcesBuildPhase section */
		52F515401C051A4A00AA6895 /* Resources */ = {
			isa = PBXResourcesBuildPhase;
			buildActionMask = 2147483647;
			files = (
			);
			runOnlyForDeploymentPostprocessing = 0;
		};
		52FDA7261B0E916700C9C808 /* Resources */ = {
			isa = PBXResourcesBuildPhase;
			buildActionMask = 2147483647;
			files = (
			);
			runOnlyForDeploymentPostprocessing = 0;
		};
		52FDA7311B0E916700C9C808 /* Resources */ = {
			isa = PBXResourcesBuildPhase;
			buildActionMask = 2147483647;
			files = (
			);
			runOnlyForDeploymentPostprocessing = 0;
		};
/* End PBXResourcesBuildPhase section */

/* Begin PBXSourcesBuildPhase section */
		52F5153D1C051A4A00AA6895 /* Sources */ = {
			isa = PBXSourcesBuildPhase;
			buildActionMask = 2147483647;
			files = (
				52F515731C051B7500AA6895 /* Unwrap.swift in Sources */,
				5294C6B71C0D1A2F0035BE4F /* Typealiases.swift in Sources */,
				52F515691C051B7500AA6895 /* Quantifiable.swift in Sources */,
				52F515641C051B7500AA6895 /* LoopableEnum.swift in Sources */,
				52F515611C051B7500AA6895 /* Hashable+Equatable.swift in Sources */,
				52F5156B1C051B7500AA6895 /* RawRepresentable+SwiftKit.swift in Sources */,
				52F5155E1C051B7500AA6895 /* EnumIterator.swift in Sources */,
				5294C6741C0B48970035BE4F /* NSError+SwiftKit.swift in Sources */,
				52F5155F1C051B7500AA6895 /* EnumMap.swift in Sources */,
				52F5158E1C0637E600AA6895 /* LocalizedString.swift in Sources */,
				52F5155A1C051B7500AA6895 /* Dictionary+SwiftKit.swift in Sources */,
				5294C69F1C0CDDD80035BE4F /* Emitter.swift in Sources */,
				52F515701C051B7500AA6895 /* String+SwiftKit.swift in Sources */,
				52F515681C051B7500AA6895 /* Probability.swift in Sources */,
				52F5156C1C051B7500AA6895 /* Repeat.swift in Sources */,
				52F515581C051B7500AA6895 /* CGRect+SwiftKit.swift in Sources */,
				52F515881C0523AB00AA6895 /* NSView+SwiftKit.swift in Sources */,
				52F515661C051B7500AA6895 /* MutableIndexedCollectionType.swift in Sources */,
				52F515921C063EF300AA6895 /* Shape+NSImage.swift in Sources */,
				52F515591C051B7500AA6895 /* CGSize+SwiftKit.swift in Sources */,
				52F5156D1C051B7500AA6895 /* Serializable.swift in Sources */,
				52F515901C063DA000AA6895 /* Shape.swift in Sources */,
				52F515671C051B7500AA6895 /* Position.swift in Sources */,
				52F515631C051B7500AA6895 /* KeyedCollection.swift in Sources */,
				52F515651C051B7500AA6895 /* Number.swift in Sources */,
				52F515721C051B7500AA6895 /* Unbox+SwiftKit.swift in Sources */,
				52F515711C051B7500AA6895 /* Unbox.swift in Sources */,
				52F515561C051B7500AA6895 /* Calculate.swift in Sources */,
				52F515571C051B7500AA6895 /* CGPoint+SwiftKit.swift in Sources */,
				52F515521C051B7500AA6895 /* AreaNode.swift in Sources */,
				52F5155B1C051B7500AA6895 /* Direction.swift in Sources */,
				52F515621C051B7500AA6895 /* Identifier.swift in Sources */,
				52F5155D1C051B7500AA6895 /* EmptyInitializable.swift in Sources */,
				52F515551C051B7500AA6895 /* Axis.swift in Sources */,
				52F515541C051B7500AA6895 /* ArrayDictionary.swift in Sources */,
				52F5156E1C051B7500AA6895 /* Serialize.swift in Sources */,
				52F5155C1C051B7500AA6895 /* Dispatch.swift in Sources */,
				5294C6AF1C0D18A60035BE4F /* NSAttributedString+SwiftKit.swift in Sources */,
				52F515941C0641B200AA6895 /* CGContext+SwiftKit.swift in Sources */,
				52F515601C051B7500AA6895 /* Flow.swift in Sources */,
				52F5156A1C051B7500AA6895 /* Randomizable.swift in Sources */,
				52F515531C051B7500AA6895 /* Array+SwiftKit.swift in Sources */,
				52F515511C051B7500AA6895 /* AnyOf.swift in Sources */,
				52F5156F1C051B7500AA6895 /* SetMap.swift in Sources */,
			);
			runOnlyForDeploymentPostprocessing = 0;
		};
		52FDA7231B0E916700C9C808 /* Sources */ = {
			isa = PBXSourcesBuildPhase;
			buildActionMask = 2147483647;
			files = (
				529DCE3F1B88F5900009A8A4 /* UIImage+SwiftKit.swift in Sources */,
				52CA89881B6D8BF4003DC193 /* Animate.swift in Sources */,
				52D6D9191BEE5C15002C0205 /* Array+SwiftKit.swift in Sources */,
				52E0E7E61BF7AFBB001E321E /* EmptyInitializable.swift in Sources */,
				52D6D9431BEE5C15002C0205 /* String+SwiftKit.swift in Sources */,
				52E0E7F71BF7C3DE001E321E /* Randomizable.swift in Sources */,
				52D6D9171BEE5C15002C0205 /* AreaNode.swift in Sources */,
				52D6D9151BEE5C15002C0205 /* AnyOf.swift in Sources */,
				52D6D9211BEE5C15002C0205 /* CGPoint+SwiftKit.swift in Sources */,
				52D6D9331BEE5C15002C0205 /* Identifier.swift in Sources */,
				52D6D91B1BEE5C15002C0205 /* ArrayDictionary.swift in Sources */,
				5294C69C1C0CD4C60035BE4F /* Emitter.swift in Sources */,
				52D6D9351BEE5C15002C0205 /* Number.swift in Sources */,
				52D6D9291BEE5C15002C0205 /* Direction.swift in Sources */,
				52D6D9391BEE5C15002C0205 /* RawRepresentable+SwiftKit.swift in Sources */,
				52D6D92B1BEE5C15002C0205 /* Dispatch.swift in Sources */,
				52D6D9271BEE5C15002C0205 /* Dictionary+SwiftKit.swift in Sources */,
				52D6D9231BEE5C15002C0205 /* CGRect+SwiftKit.swift in Sources */,
				52D6D9371BEE5C15002C0205 /* Quantifiable.swift in Sources */,
				52D6D9411BEE5C15002C0205 /* SetMap.swift in Sources */,
				52D6D9451BEE5C15002C0205 /* Unwrap.swift in Sources */,
				52E0E7EE1BF7B6E6001E321E /* UIImageView+SwiftKit.swift in Sources */,
				52D6D93B1BEE5C15002C0205 /* Repeat.swift in Sources */,
				52E0E7F11BF7B791001E321E /* Probability.swift in Sources */,
				52D6D9481BEE5C2E002C0205 /* Unbox.swift in Sources */,
				52D6D9501BEE60D0002C0205 /* LoopableEnum.swift in Sources */,
				52D6D91D1BEE5C15002C0205 /* Axis.swift in Sources */,
				52D6D94B1BEE5C91002C0205 /* Flow.swift in Sources */,
				52D6D93F1BEE5C15002C0205 /* Serialize.swift in Sources */,
				52D6D9311BEE5C15002C0205 /* Hashable+Equatable.swift in Sources */,
				52E0E7F41BF7B903001E321E /* Unbox+SwiftKit.swift in Sources */,
				52D6D92F1BEE5C15002C0205 /* EnumMap.swift in Sources */,
				52D6D92D1BEE5C15002C0205 /* EnumIterator.swift in Sources */,
				52D6D93D1BEE5C15002C0205 /* Serializable.swift in Sources */,
				52E0E7E41BF7AF87001E321E /* MutableIndexedCollectionType.swift in Sources */,
				52D6D91F1BEE5C15002C0205 /* Calculate.swift in Sources */,
				527665901B2DECF300DBDC11 /* ClosureButton.swift in Sources */,
				5294C6731C0B47FD0035BE4F /* NSError+SwiftKit.swift in Sources */,
				5294C6AE1C0D18A60035BE4F /* NSAttributedString+SwiftKit.swift in Sources */,
				52D6D9631BEFCEDC002C0205 /* Position.swift in Sources */,
				52E0E7DB1BF78C04001E321E /* KeyedCollection.swift in Sources */,
				5294C6BA1C0D1A630035BE4F /* Typealiases.swift in Sources */,
				52D6D9251BEE5C15002C0205 /* CGSize+SwiftKit.swift in Sources */,
			);
			runOnlyForDeploymentPostprocessing = 0;
		};
		52FDA72F1B0E916700C9C808 /* Sources */ = {
			isa = PBXSourcesBuildPhase;
			buildActionMask = 2147483647;
			files = (
				52D6D9381BEE5C15002C0205 /* Quantifiable.swift in Sources */,
				52D6D92E1BEE5C15002C0205 /* EnumIterator.swift in Sources */,
				5294C6C81C0F81BD0035BE4F /* Typealiases.swift in Sources */,
				527665911B2DECF300DBDC11 /* ClosureButton.swift in Sources */,
				52D6D93A1BEE5C15002C0205 /* RawRepresentable+SwiftKit.swift in Sources */,
				52D6D9161BEE5C15002C0205 /* AnyOf.swift in Sources */,
				52436BE31B79677A00570956 /* AnyOfTests.swift in Sources */,
				528CE0D41B210E6500AC1220 /* UnboxTests.swift in Sources */,
				52D6D9441BEE5C15002C0205 /* String+SwiftKit.swift in Sources */,
				52E0E7EF1BF7B6E6001E321E /* UIImageView+SwiftKit.swift in Sources */,
				52E0E7F21BF7B791001E321E /* Probability.swift in Sources */,
				52D6D9361BEE5C15002C0205 /* Number.swift in Sources */,
				52D6D93C1BEE5C15002C0205 /* Repeat.swift in Sources */,
				52D6D9281BEE5C15002C0205 /* Dictionary+SwiftKit.swift in Sources */,
				52DF8F291B2F812E004CB8C0 /* IdentifierTests.swift in Sources */,
				52D6D91C1BEE5C15002C0205 /* ArrayDictionary.swift in Sources */,
				52E0E7F51BF7B904001E321E /* Unbox+SwiftKit.swift in Sources */,
				5294C6A01C0CDDD80035BE4F /* Emitter.swift in Sources */,
				52D6D93E1BEE5C15002C0205 /* Serializable.swift in Sources */,
				52D6D9491BEE5C2E002C0205 /* Unbox.swift in Sources */,
				52E0E7E81BF7B130001E321E /* KeyedCollection.swift in Sources */,
				52F515501C051B6E00AA6895 /* UIImage+SwiftKit.swift in Sources */,
				52F5154F1C051B6E00AA6895 /* Animate.swift in Sources */,
				521770BE1B7129DF005FD2C9 /* SetMapTests.swift in Sources */,
				52D6D91E1BEE5C15002C0205 /* Axis.swift in Sources */,
				5294C6B01C0D18A60035BE4F /* NSAttributedString+SwiftKit.swift in Sources */,
				52D6D9241BEE5C15002C0205 /* CGRect+SwiftKit.swift in Sources */,
				52D6D9301BEE5C15002C0205 /* EnumMap.swift in Sources */,
				52D6D9201BEE5C15002C0205 /* Calculate.swift in Sources */,
				52D6D9181BEE5C15002C0205 /* AreaNode.swift in Sources */,
				52D6D94C1BEE5C91002C0205 /* Flow.swift in Sources */,
				520B4D6F1B84F7B1003C87A4 /* CGSize+SwiftKitTests.swift in Sources */,
				52D6D92A1BEE5C15002C0205 /* Direction.swift in Sources */,
				52D6D9321BEE5C15002C0205 /* Hashable+Equatable.swift in Sources */,
				52D6D9261BEE5C15002C0205 /* CGSize+SwiftKit.swift in Sources */,
				52E0E7E91BF7B130001E321E /* MutableIndexedCollectionType.swift in Sources */,
				52E0E7E71BF7B130001E321E /* EmptyInitializable.swift in Sources */,
				52D6D9221BEE5C15002C0205 /* CGPoint+SwiftKit.swift in Sources */,
				52D6D9401BEE5C15002C0205 /* Serialize.swift in Sources */,
				52E0E7F81BF7C3DE001E321E /* Randomizable.swift in Sources */,
				52D6D8C61BE92DAD002C0205 /* NumberTests.swift in Sources */,
				52D6D94E1BEE5CA4002C0205 /* FlowTests.swift in Sources */,
				52D6D9461BEE5C15002C0205 /* Unwrap.swift in Sources */,
				52D6D92C1BEE5C15002C0205 /* Dispatch.swift in Sources */,
				52CA89831B6D83D0003DC193 /* CGPoint+SwiftKitTests.swift in Sources */,
				52D6D9511BEE60D0002C0205 /* LoopableEnum.swift in Sources */,
				52D6D9341BEE5C15002C0205 /* Identifier.swift in Sources */,
				52D6D91A1BEE5C15002C0205 /* Array+SwiftKit.swift in Sources */,
				52D6D9641BEFCEDC002C0205 /* Position.swift in Sources */,
				52D6D9421BEE5C15002C0205 /* SetMap.swift in Sources */,
			);
			runOnlyForDeploymentPostprocessing = 0;
		};
/* End PBXSourcesBuildPhase section */

/* Begin PBXTargetDependency section */
		52FDA7361B0E916700C9C808 /* PBXTargetDependency */ = {
			isa = PBXTargetDependency;
			target = 52FDA7271B0E916700C9C808 /* SwiftKit-iOS */;
			targetProxy = 52FDA7351B0E916700C9C808 /* PBXContainerItemProxy */;
		};
/* End PBXTargetDependency section */

/* Begin XCBuildConfiguration section */
		52F515471C051A4A00AA6895 /* Debug */ = {
			isa = XCBuildConfiguration;
			buildSettings = {
				CODE_SIGN_IDENTITY = "-";
				COMBINE_HIDPI_IMAGES = YES;
				DEBUG_INFORMATION_FORMAT = dwarf;
				DEFINES_MODULE = YES;
				DYLIB_COMPATIBILITY_VERSION = 1;
				DYLIB_CURRENT_VERSION = 1;
				DYLIB_INSTALL_NAME_BASE = "@rpath";
				FRAMEWORK_VERSION = A;
				INFOPLIST_FILE = "$(SRCROOT)/Configs/OSX.plist";
				INSTALL_PATH = "$(LOCAL_LIBRARY_DIR)/Frameworks";
				LD_RUNPATH_SEARCH_PATHS = "$(inherited) @executable_path/../Frameworks @loader_path/Frameworks";
				MACOSX_DEPLOYMENT_TARGET = 10.11;
				PRODUCT_BUNDLE_IDENTIFIER = "com.john-sundell.swiftkit";
				PRODUCT_NAME = SwiftKit;
				SDKROOT = macosx;
				SKIP_INSTALL = YES;
			};
			name = Debug;
		};
		52F515481C051A4A00AA6895 /* Release */ = {
			isa = XCBuildConfiguration;
			buildSettings = {
				CODE_SIGN_IDENTITY = "-";
				COMBINE_HIDPI_IMAGES = YES;
				DEFINES_MODULE = YES;
				DYLIB_COMPATIBILITY_VERSION = 1;
				DYLIB_CURRENT_VERSION = 1;
				DYLIB_INSTALL_NAME_BASE = "@rpath";
				FRAMEWORK_VERSION = A;
				INFOPLIST_FILE = "$(SRCROOT)/Configs/OSX.plist";
				INSTALL_PATH = "$(LOCAL_LIBRARY_DIR)/Frameworks";
				LD_RUNPATH_SEARCH_PATHS = "$(inherited) @executable_path/../Frameworks @loader_path/Frameworks";
				MACOSX_DEPLOYMENT_TARGET = 10.11;
				PRODUCT_BUNDLE_IDENTIFIER = "com.john-sundell.swiftkit";
				PRODUCT_NAME = SwiftKit;
				SDKROOT = macosx;
				SKIP_INSTALL = YES;
			};
			name = Release;
		};
		52FDA73C1B0E916700C9C808 /* Debug */ = {
			isa = XCBuildConfiguration;
			buildSettings = {
				ALWAYS_SEARCH_USER_PATHS = NO;
				CLANG_CXX_LANGUAGE_STANDARD = "gnu++0x";
				CLANG_CXX_LIBRARY = "libc++";
				CLANG_ENABLE_MODULES = YES;
				CLANG_ENABLE_OBJC_ARC = YES;
				CLANG_WARN_BOOL_CONVERSION = YES;
				CLANG_WARN_CONSTANT_CONVERSION = YES;
				CLANG_WARN_DIRECT_OBJC_ISA_USAGE = YES_ERROR;
				CLANG_WARN_EMPTY_BODY = YES;
				CLANG_WARN_ENUM_CONVERSION = YES;
				CLANG_WARN_INT_CONVERSION = YES;
				CLANG_WARN_OBJC_ROOT_CLASS = YES_ERROR;
				CLANG_WARN_UNREACHABLE_CODE = YES;
				CLANG_WARN__DUPLICATE_METHOD_MATCH = YES;
				"CODE_SIGN_IDENTITY[sdk=iphoneos*]" = "iPhone Developer";
				COPY_PHASE_STRIP = NO;
				CURRENT_PROJECT_VERSION = 1;
				DEBUG_INFORMATION_FORMAT = "dwarf-with-dsym";
				ENABLE_STRICT_OBJC_MSGSEND = YES;
				ENABLE_TESTABILITY = YES;
				GCC_C_LANGUAGE_STANDARD = gnu99;
				GCC_DYNAMIC_NO_PIC = NO;
				GCC_NO_COMMON_BLOCKS = YES;
				GCC_OPTIMIZATION_LEVEL = 0;
				GCC_PREPROCESSOR_DEFINITIONS = (
					"DEBUG=1",
					"$(inherited)",
				);
				GCC_SYMBOLS_PRIVATE_EXTERN = NO;
				GCC_WARN_64_TO_32_BIT_CONVERSION = YES;
				GCC_WARN_ABOUT_RETURN_TYPE = YES_ERROR;
				GCC_WARN_UNDECLARED_SELECTOR = YES;
				GCC_WARN_UNINITIALIZED_AUTOS = YES_AGGRESSIVE;
				GCC_WARN_UNUSED_FUNCTION = YES;
				GCC_WARN_UNUSED_VARIABLE = YES;
				IPHONEOS_DEPLOYMENT_TARGET = 8.0;
				MTL_ENABLE_DEBUG_INFO = YES;
				ONLY_ACTIVE_ARCH = YES;
				SDKROOT = iphoneos;
				SWIFT_OPTIMIZATION_LEVEL = "-Onone";
				TARGETED_DEVICE_FAMILY = "1,2";
				VERSIONING_SYSTEM = "apple-generic";
				VERSION_INFO_PREFIX = "";
			};
			name = Debug;
		};
		52FDA73D1B0E916700C9C808 /* Release */ = {
			isa = XCBuildConfiguration;
			buildSettings = {
				ALWAYS_SEARCH_USER_PATHS = NO;
				CLANG_CXX_LANGUAGE_STANDARD = "gnu++0x";
				CLANG_CXX_LIBRARY = "libc++";
				CLANG_ENABLE_MODULES = YES;
				CLANG_ENABLE_OBJC_ARC = YES;
				CLANG_WARN_BOOL_CONVERSION = YES;
				CLANG_WARN_CONSTANT_CONVERSION = YES;
				CLANG_WARN_DIRECT_OBJC_ISA_USAGE = YES_ERROR;
				CLANG_WARN_EMPTY_BODY = YES;
				CLANG_WARN_ENUM_CONVERSION = YES;
				CLANG_WARN_INT_CONVERSION = YES;
				CLANG_WARN_OBJC_ROOT_CLASS = YES_ERROR;
				CLANG_WARN_UNREACHABLE_CODE = YES;
				CLANG_WARN__DUPLICATE_METHOD_MATCH = YES;
				"CODE_SIGN_IDENTITY[sdk=iphoneos*]" = "iPhone Developer";
				COPY_PHASE_STRIP = NO;
				CURRENT_PROJECT_VERSION = 1;
				DEBUG_INFORMATION_FORMAT = "dwarf-with-dsym";
				ENABLE_NS_ASSERTIONS = NO;
				ENABLE_STRICT_OBJC_MSGSEND = YES;
				GCC_C_LANGUAGE_STANDARD = gnu99;
				GCC_NO_COMMON_BLOCKS = YES;
				GCC_WARN_64_TO_32_BIT_CONVERSION = YES;
				GCC_WARN_ABOUT_RETURN_TYPE = YES_ERROR;
				GCC_WARN_UNDECLARED_SELECTOR = YES;
				GCC_WARN_UNINITIALIZED_AUTOS = YES_AGGRESSIVE;
				GCC_WARN_UNUSED_FUNCTION = YES;
				GCC_WARN_UNUSED_VARIABLE = YES;
				IPHONEOS_DEPLOYMENT_TARGET = 8.0;
				MTL_ENABLE_DEBUG_INFO = NO;
				SDKROOT = iphoneos;
				TARGETED_DEVICE_FAMILY = "1,2";
				VALIDATE_PRODUCT = YES;
				VERSIONING_SYSTEM = "apple-generic";
				VERSION_INFO_PREFIX = "";
			};
			name = Release;
		};
		52FDA73F1B0E916700C9C808 /* Debug */ = {
			isa = XCBuildConfiguration;
			buildSettings = {
				CLANG_ENABLE_MODULES = YES;
				DEFINES_MODULE = YES;
				DYLIB_COMPATIBILITY_VERSION = 1;
				DYLIB_CURRENT_VERSION = 1;
				DYLIB_INSTALL_NAME_BASE = "@rpath";
				INFOPLIST_FILE = "$(SRCROOT)/Configs/iOS.plist";
				INSTALL_PATH = "$(LOCAL_LIBRARY_DIR)/Frameworks";
				IPHONEOS_DEPLOYMENT_TARGET = 8.0;
				LD_RUNPATH_SEARCH_PATHS = "$(inherited) @executable_path/Frameworks @loader_path/Frameworks";
				ONLY_ACTIVE_ARCH = NO;
				PRODUCT_BUNDLE_IDENTIFIER = "com.john-sundell.swiftkit";
				PRODUCT_NAME = SwiftKit;
				SKIP_INSTALL = YES;
				SWIFT_OPTIMIZATION_LEVEL = "-Onone";
			};
			name = Debug;
		};
		52FDA7401B0E916700C9C808 /* Release */ = {
			isa = XCBuildConfiguration;
			buildSettings = {
				CLANG_ENABLE_MODULES = YES;
				DEFINES_MODULE = YES;
				DYLIB_COMPATIBILITY_VERSION = 1;
				DYLIB_CURRENT_VERSION = 1;
				DYLIB_INSTALL_NAME_BASE = "@rpath";
				INFOPLIST_FILE = "$(SRCROOT)/Configs/iOS.plist";
				INSTALL_PATH = "$(LOCAL_LIBRARY_DIR)/Frameworks";
				IPHONEOS_DEPLOYMENT_TARGET = 8.0;
				LD_RUNPATH_SEARCH_PATHS = "$(inherited) @executable_path/Frameworks @loader_path/Frameworks";
				ONLY_ACTIVE_ARCH = NO;
				PRODUCT_BUNDLE_IDENTIFIER = "com.john-sundell.swiftkit";
				PRODUCT_NAME = SwiftKit;
				SKIP_INSTALL = YES;
			};
			name = Release;
		};
		52FDA7421B0E916700C9C808 /* Debug */ = {
			isa = XCBuildConfiguration;
			buildSettings = {
				CLANG_ENABLE_MODULES = YES;
				FRAMEWORK_SEARCH_PATHS = (
					"$(SDKROOT)/Developer/Library/Frameworks",
					"$(inherited)",
				);
				GCC_PREPROCESSOR_DEFINITIONS = (
					"DEBUG=1",
					"$(inherited)",
				);
				INFOPLIST_FILE = Configs/Tests.plist;
				LD_RUNPATH_SEARCH_PATHS = "$(inherited) @executable_path/Frameworks @loader_path/Frameworks";
				PRODUCT_BUNDLE_IDENTIFIER = "com.john-sundell.$(PRODUCT_NAME:rfc1034identifier)";
				PRODUCT_NAME = "$(TARGET_NAME)";
				SWIFT_OPTIMIZATION_LEVEL = "-Onone";
			};
			name = Debug;
		};
		52FDA7431B0E916700C9C808 /* Release */ = {
			isa = XCBuildConfiguration;
			buildSettings = {
				CLANG_ENABLE_MODULES = YES;
				FRAMEWORK_SEARCH_PATHS = (
					"$(SDKROOT)/Developer/Library/Frameworks",
					"$(inherited)",
				);
				INFOPLIST_FILE = Configs/Tests.plist;
				LD_RUNPATH_SEARCH_PATHS = "$(inherited) @executable_path/Frameworks @loader_path/Frameworks";
				PRODUCT_BUNDLE_IDENTIFIER = "com.john-sundell.$(PRODUCT_NAME:rfc1034identifier)";
				PRODUCT_NAME = "$(TARGET_NAME)";
			};
			name = Release;
		};
/* End XCBuildConfiguration section */

/* Begin XCConfigurationList section */
		52F515491C051A4A00AA6895 /* Build configuration list for PBXNativeTarget "SwiftKit-OSX" */ = {
			isa = XCConfigurationList;
			buildConfigurations = (
				52F515471C051A4A00AA6895 /* Debug */,
				52F515481C051A4A00AA6895 /* Release */,
			);
			defaultConfigurationIsVisible = 0;
			defaultConfigurationName = Release;
		};
		52FDA7221B0E916700C9C808 /* Build configuration list for PBXProject "SwiftKit" */ = {
			isa = XCConfigurationList;
			buildConfigurations = (
				52FDA73C1B0E916700C9C808 /* Debug */,
				52FDA73D1B0E916700C9C808 /* Release */,
			);
			defaultConfigurationIsVisible = 0;
			defaultConfigurationName = Release;
		};
		52FDA73E1B0E916700C9C808 /* Build configuration list for PBXNativeTarget "SwiftKit-iOS" */ = {
			isa = XCConfigurationList;
			buildConfigurations = (
				52FDA73F1B0E916700C9C808 /* Debug */,
				52FDA7401B0E916700C9C808 /* Release */,
			);
			defaultConfigurationIsVisible = 0;
			defaultConfigurationName = Release;
		};
		52FDA7411B0E916700C9C808 /* Build configuration list for PBXNativeTarget "SwiftKitTests" */ = {
			isa = XCConfigurationList;
			buildConfigurations = (
				52FDA7421B0E916700C9C808 /* Debug */,
				52FDA7431B0E916700C9C808 /* Release */,
			);
			defaultConfigurationIsVisible = 0;
			defaultConfigurationName = Release;
		};
/* End XCConfigurationList section */
	};
	rootObject = 52FDA71F1B0E916700C9C808 /* Project object */;
}
